
Microsoft Visual Studio Solution File, Format Version 12.00
# Visual Studio Version 17
VisualStudioVersion = 17.2.32505.173
MinimumVisualStudioVersion = 10.0.40219.1
Project("{FAE04EC0-301F-11D3-BF4B-00C04F79EFBC}") = "WebApplication2", "WebApplication2.csproj", "{E880FE96-1DEF-4F8D-9705-4C331F0EBCFA}"
EndProject
Global
	GlobalSection(SolutionConfigurationPlatforms) = preSolution
		Debug|Any CPU = Debug|Any CPU
		Release|Any CPU = Release|Any CPU
	EndGlobalSection
	GlobalSection(ProjectConfigurationPlatforms) = postSolution
		{E880FE96-1DEF-4F8D-9705-4C331F0EBCFA}.Debug|Any CPU.ActiveCfg = Debug|Any CPU
		{E880FE96-1DEF-4F8D-9705-4C331F0EBCFA}.Debug|Any CPU.Build.0 = Debug|Any CPU
		{E880FE96-1DEF-4F8D-9705-4C331F0EBCFA}.Release|Any CPU.ActiveCfg = Release|Any CPU
		{E880FE96-1DEF-4F8D-9705-4C331F0EBCFA}.Release|Any CPU.Build.0 = Release|Any CPU
	EndGlobalSection
	GlobalSection(SolutionProperties) = preSolution
		HideSolutionNode = FALSE
	EndGlobalSection
	GlobalSection(ExtensibilityGlobals) = postSolution
		SolutionGuid = {8EE81B6B-CAEA-438C-8741-9298E50962A4}
	EndGlobalSection
EndGlobal
